
Microsoft Visual Studio Solution File, Format Version 12.00
# Visual Studio Version 16
VisualStudioVersion = 16.0.29519.87
MinimumVisualStudioVersion = 10.0.40219.1
Project("{8BC9CEB8-8B4A-11D0-8D11-00A0C91BC942}") = "C++", "C++\C++.vcxproj", "{209C9255-4C32-4C3A-AE87-CBDE0003FCDC}"
EndProject
Project("{8BC9CEB8-8B4A-11D0-8D11-00A0C91BC942}") = "1128_과제_ScoreBoard", "1128_과제\1128_과제.vcxproj", "{6976A4DC-7519-4C76-A2D5-1C3E7DE42A31}"
EndProject
Project("{8BC9CEB8-8B4A-11D0-8D11-00A0C91BC942}") = "DataStructure", "DataStructure\DataStructure.vcxproj", "{87D4DCDA-3492-4CB8-B757-13FA7E4EE87A}"
EndProject
Project("{8BC9CEB8-8B4A-11D0-8D11-00A0C91BC942}") = "1204_TextRPG", "1204_TextRPG\1204_TextRPG.vcxproj", "{6F1EDA33-5D8B-4D6A-A577-B38E6427242E}"
EndProject
Global
	GlobalSection(SolutionConfigurationPlatforms) = preSolution
		Debug|x64 = Debug|x64
		Debug|x86 = Debug|x86
		Release|x64 = Release|x64
		Release|x86 = Release|x86
	EndGlobalSection
	GlobalSection(ProjectConfigurationPlatforms) = postSolution
		{209C9255-4C32-4C3A-AE87-CBDE0003FCDC}.Debug|x64.ActiveCfg = Debug|x64
		{209C9255-4C32-4C3A-AE87-CBDE0003FCDC}.Debug|x64.Build.0 = Debug|x64
		{209C9255-4C32-4C3A-AE87-CBDE0003FCDC}.Debug|x86.ActiveCfg = Debug|Win32
		{209C9255-4C32-4C3A-AE87-CBDE0003FCDC}.Debug|x86.Build.0 = Debug|Win32
		{209C9255-4C32-4C3A-AE87-CBDE0003FCDC}.Release|x64.ActiveCfg = Release|x64
		{209C9255-4C32-4C3A-AE87-CBDE0003FCDC}.Release|x64.Build.0 = Release|x64
		{209C9255-4C32-4C3A-AE87-CBDE0003FCDC}.Release|x86.ActiveCfg = Release|Win32
		{209C9255-4C32-4C3A-AE87-CBDE0003FCDC}.Release|x86.Build.0 = Release|Win32
		{6976A4DC-7519-4C76-A2D5-1C3E7DE42A31}.Debug|x64.ActiveCfg = Debug|x64
		{6976A4DC-7519-4C76-A2D5-1C3E7DE42A31}.Debug|x64.Build.0 = Debug|x64
		{6976A4DC-7519-4C76-A2D5-1C3E7DE42A31}.Debug|x86.ActiveCfg = Debug|Win32
		{6976A4DC-7519-4C76-A2D5-1C3E7DE42A31}.Debug|x86.Build.0 = Debug|Win32
		{6976A4DC-7519-4C76-A2D5-1C3E7DE42A31}.Release|x64.ActiveCfg = Release|x64
		{6976A4DC-7519-4C76-A2D5-1C3E7DE42A31}.Release|x64.Build.0 = Release|x64
		{6976A4DC-7519-4C76-A2D5-1C3E7DE42A31}.Release|x86.ActiveCfg = Release|Win32
		{6976A4DC-7519-4C76-A2D5-1C3E7DE42A31}.Release|x86.Build.0 = Release|Win32
		{87D4DCDA-3492-4CB8-B757-13FA7E4EE87A}.Debug|x64.ActiveCfg = Debug|x64
		{87D4DCDA-3492-4CB8-B757-13FA7E4EE87A}.Debug|x64.Build.0 = Debug|x64
		{87D4DCDA-3492-4CB8-B757-13FA7E4EE87A}.Debug|x86.ActiveCfg = Debug|Win32
		{87D4DCDA-3492-4CB8-B757-13FA7E4EE87A}.Debug|x86.Build.0 = Debug|Win32
		{87D4DCDA-3492-4CB8-B757-13FA7E4EE87A}.Release|x64.ActiveCfg = Release|x64
		{87D4DCDA-3492-4CB8-B757-13FA7E4EE87A}.Release|x64.Build.0 = Release|x64
		{87D4DCDA-3492-4CB8-B757-13FA7E4EE87A}.Release|x86.ActiveCfg = Release|Win32
		{87D4DCDA-3492-4CB8-B757-13FA7E4EE87A}.Release|x86.Build.0 = Release|Win32
		{6F1EDA33-5D8B-4D6A-A577-B38E6427242E}.Debug|x64.ActiveCfg = Debug|x64
		{6F1EDA33-5D8B-4D6A-A577-B38E6427242E}.Debug|x64.Build.0 = Debug|x64
		{6F1EDA33-5D8B-4D6A-A577-B38E6427242E}.Debug|x86.ActiveCfg = Debug|Win32
		{6F1EDA33-5D8B-4D6A-A577-B38E6427242E}.Debug|x86.Build.0 = Debug|Win32
		{6F1EDA33-5D8B-4D6A-A577-B38E6427242E}.Release|x64.ActiveCfg = Release|x64
		{6F1EDA33-5D8B-4D6A-A577-B38E6427242E}.Release|x64.Build.0 = Release|x64
		{6F1EDA33-5D8B-4D6A-A577-B38E6427242E}.Release|x86.ActiveCfg = Release|Win32
		{6F1EDA33-5D8B-4D6A-A577-B38E6427242E}.Release|x86.Build.0 = Release|Win32
	EndGlobalSection
	GlobalSection(SolutionProperties) = preSolution
		HideSolutionNode = FALSE
	EndGlobalSection
	GlobalSection(ExtensibilityGlobals) = postSolution
		SolutionGuid = {70CFB122-4774-4A30-951E-4F0050720EA8}
	EndGlobalSection
EndGlobal
